
Microsoft Visual Studio Solution File, Format Version 12.00
# Visual Studio 15
VisualStudioVersion = 15.0.28010.2016
MinimumVisualStudioVersion = 10.0.40219.1
Project("{9A19103F-16F7-4668-BE54-9A1E7A4F7556}") = "DVETCS", "DVETCS\DVETCS.csproj", "{2CB4163F-D0E3-476A-9275-4145EE1FEAB4}"
EndProject
Global
	GlobalSection(SolutionConfigurationPlatforms) = preSolution
		Debug|Any CPU = Debug|Any CPU
		Release|Any CPU = Release|Any CPU
	EndGlobalSection
	GlobalSection(ProjectConfigurationPlatforms) = postSolution
		{2CB4163F-D0E3-476A-9275-4145EE1FEAB4}.Debug|Any CPU.ActiveCfg = Debug|Any CPU
		{2CB4163F-D0E3-476A-9275-4145EE1FEAB4}.Debug|Any CPU.Build.0 = Debug|Any CPU
		{2CB4163F-D0E3-476A-9275-4145EE1FEAB4}.Release|Any CPU.ActiveCfg = Release|Any CPU
		{2CB4163F-D0E3-476A-9275-4145EE1FEAB4}.Release|Any CPU.Build.0 = Release|Any CPU
	EndGlobalSection
	GlobalSection(SolutionProperties) = preSolution
		HideSolutionNode = FALSE
	EndGlobalSection
	GlobalSection(ExtensibilityGlobals) = postSolution
		SolutionGuid = {0849690C-2F24-46B5-970F-EC70D6C0378E}
	EndGlobalSection
EndGlobal
